
Microsoft Visual Studio Solution File, Format Version 12.00
# Visual Studio Version 17
VisualStudioVersion = 17.8.34330.188
MinimumVisualStudioVersion = 10.0.40219.1
Project("{FAE04EC0-301F-11D3-BF4B-00C04F79EFBC}") = "Katas", "Katas\Katas.csproj", "{26CD3E65-50D8-4BA0-AF4F-67DF36062AC4}"
EndProject
Project("{FAE04EC0-301F-11D3-BF4B-00C04F79EFBC}") = "Katas.Test", "Katas.test\Katas.Test.csproj", "{AF0294C0-EBB4-43A4-8BB5-1A6F912B94FB}"
EndProject
Project("{FAE04EC0-301F-11D3-BF4B-00C04F79EFBC}") = "Katas.Nunit.Test", "Katas.Nunit.Test\Katas.Nunit.Test.csproj", "{D0A139E6-81D3-4B98-A689-47CFA785EB23}"
EndProject
Project("{FAE04EC0-301F-11D3-BF4B-00C04F79EFBC}") = "Katas.Standard", "Katas.Standard\Katas.Standard.csproj", "{2FCD73B4-1461-4A8F-BFA8-5723C45A1DF6}"
EndProject
Global
	GlobalSection(SolutionConfigurationPlatforms) = preSolution
		Debug|Any CPU = Debug|Any CPU
		Release|Any CPU = Release|Any CPU
	EndGlobalSection
	GlobalSection(ProjectConfigurationPlatforms) = postSolution
		{26CD3E65-50D8-4BA0-AF4F-67DF36062AC4}.Debug|Any CPU.ActiveCfg = Debug|Any CPU
		{26CD3E65-50D8-4BA0-AF4F-67DF36062AC4}.Debug|Any CPU.Build.0 = Debug|Any CPU
		{26CD3E65-50D8-4BA0-AF4F-67DF36062AC4}.Release|Any CPU.ActiveCfg = Release|Any CPU
		{26CD3E65-50D8-4BA0-AF4F-67DF36062AC4}.Release|Any CPU.Build.0 = Release|Any CPU
		{AF0294C0-EBB4-43A4-8BB5-1A6F912B94FB}.Debug|Any CPU.ActiveCfg = Debug|Any CPU
		{AF0294C0-EBB4-43A4-8BB5-1A6F912B94FB}.Debug|Any CPU.Build.0 = Debug|Any CPU
		{AF0294C0-EBB4-43A4-8BB5-1A6F912B94FB}.Release|Any CPU.ActiveCfg = Release|Any CPU
		{AF0294C0-EBB4-43A4-8BB5-1A6F912B94FB}.Release|Any CPU.Build.0 = Release|Any CPU
		{D0A139E6-81D3-4B98-A689-47CFA785EB23}.Debug|Any CPU.ActiveCfg = Debug|Any CPU
		{D0A139E6-81D3-4B98-A689-47CFA785EB23}.Debug|Any CPU.Build.0 = Debug|Any CPU
		{D0A139E6-81D3-4B98-A689-47CFA785EB23}.Release|Any CPU.ActiveCfg = Release|Any CPU
		{D0A139E6-81D3-4B98-A689-47CFA785EB23}.Release|Any CPU.Build.0 = Release|Any CPU
		{2FCD73B4-1461-4A8F-BFA8-5723C45A1DF6}.Debug|Any CPU.ActiveCfg = Debug|Any CPU
		{2FCD73B4-1461-4A8F-BFA8-5723C45A1DF6}.Debug|Any CPU.Build.0 = Debug|Any CPU
		{2FCD73B4-1461-4A8F-BFA8-5723C45A1DF6}.Release|Any CPU.ActiveCfg = Release|Any CPU
		{2FCD73B4-1461-4A8F-BFA8-5723C45A1DF6}.Release|Any CPU.Build.0 = Release|Any CPU
	EndGlobalSection
	GlobalSection(SolutionProperties) = preSolution
		HideSolutionNode = FALSE
	EndGlobalSection
	GlobalSection(ExtensibilityGlobals) = postSolution
		SolutionGuid = {B8C3635B-15A3-46F2-AFC3-2CC2C828EBBD}
	EndGlobalSection
EndGlobal
